
Microsoft Visual Studio Solution File, Format Version 12.00
# Visual Studio 15
VisualStudioVersion = 15.0.26124.0
MinimumVisualStudioVersion = 15.0.26124.0
Project("{9A19103F-16F7-4668-BE54-9A1E7A4F7556}") = "R5T.Exeter.Construction", "R5T.Exeter.Construction\R5T.Exeter.Construction.csproj", "{A6D22AD7-8B92-40FF-984E-BD812C5818C3}"
EndProject
Project("{9A19103F-16F7-4668-BE54-9A1E7A4F7556}") = "R5T.Exeter", "R5T.Exeter\R5T.Exeter.csproj", "{2C771984-DD92-44C9-B015-8A94706C6143}"
EndProject
Project("{9A19103F-16F7-4668-BE54-9A1E7A4F7556}") = "R5T.Exeter.Testing", "R5T.Exeter.Testing\R5T.Exeter.Testing.csproj", "{FA2892F3-1A00-4B8E-B7D2-030C326D76FB}"
EndProject
Project("{2150E333-8FDC-42A3-9474-1A3956D46DE8}") = "_Dependencies", "_Dependencies", "{D02A3E45-C1E9-4237-A04C-AA4C07C2AF55}"
EndProject
Project("{9A19103F-16F7-4668-BE54-9A1E7A4F7556}") = "R5T.Chamavia", "..\..\R5T.Chamavia\source\R5T.Chamavia\R5T.Chamavia.csproj", "{A5B214CA-8031-4FD0-9FF7-476BE43E0916}"
EndProject
Project("{9A19103F-16F7-4668-BE54-9A1E7A4F7556}") = "R5T.Dacia", "..\..\R5T.Dacia\source\R5T.Dacia\R5T.Dacia.csproj", "{D02C24F1-78A1-4AFC-9003-E2DCF1C8177C}"
EndProject
Project("{9A19103F-16F7-4668-BE54-9A1E7A4F7556}") = "R5T.Langobard", "..\..\R5T.Langobard\source\R5T.Langobard\R5T.Langobard.csproj", "{10FA0699-2777-4BF6-9C0D-3F0056AB5B6A}"
EndProject
Project("{9A19103F-16F7-4668-BE54-9A1E7A4F7556}") = "R5T.Dacia.Extensions", "..\..\R5T.Dacia.Extensions\source\R5T.Dacia.Extensions\R5T.Dacia.Extensions.csproj", "{F14C2D59-6514-40D7-B503-82692DD75CC0}"
EndProject
Project("{9A19103F-16F7-4668-BE54-9A1E7A4F7556}") = "R5T.Chamavia.Extensions", "..\..\R5T.Chamavia.Extensions\source\R5T.Chamavia.Extensions\R5T.Chamavia.Extensions.csproj", "{BD4EBDFA-FAEE-4EF8-ABF7-FFFC93895FB9}"
EndProject
Project("{9A19103F-16F7-4668-BE54-9A1E7A4F7556}") = "R5T.Langobard.Extensions", "..\..\R5T.Langobard.Extensions\source\R5T.Langobard.Extensions\R5T.Langobard.Extensions.csproj", "{C34952E9-ACAE-4213-8F6A-48B5D6FA80BC}"
EndProject
Global
	GlobalSection(SolutionConfigurationPlatforms) = preSolution
		Debug|Any CPU = Debug|Any CPU
		Debug|x64 = Debug|x64
		Debug|x86 = Debug|x86
		Release|Any CPU = Release|Any CPU
		Release|x64 = Release|x64
		Release|x86 = Release|x86
	EndGlobalSection
	GlobalSection(ProjectConfigurationPlatforms) = postSolution
		{A6D22AD7-8B92-40FF-984E-BD812C5818C3}.Debug|Any CPU.ActiveCfg = Debug|Any CPU
		{A6D22AD7-8B92-40FF-984E-BD812C5818C3}.Debug|Any CPU.Build.0 = Debug|Any CPU
		{A6D22AD7-8B92-40FF-984E-BD812C5818C3}.Debug|x64.ActiveCfg = Debug|Any CPU
		{A6D22AD7-8B92-40FF-984E-BD812C5818C3}.Debug|x64.Build.0 = Debug|Any CPU
		{A6D22AD7-8B92-40FF-984E-BD812C5818C3}.Debug|x86.ActiveCfg = Debug|Any CPU
		{A6D22AD7-8B92-40FF-984E-BD812C5818C3}.Debug|x86.Build.0 = Debug|Any CPU
		{A6D22AD7-8B92-40FF-984E-BD812C5818C3}.Release|Any CPU.ActiveCfg = Release|Any CPU
		{A6D22AD7-8B92-40FF-984E-BD812C5818C3}.Release|Any CPU.Build.0 = Release|Any CPU
		{A6D22AD7-8B92-40FF-984E-BD812C5818C3}.Release|x64.ActiveCfg = Release|Any CPU
		{A6D22AD7-8B92-40FF-984E-BD812C5818C3}.Release|x64.Build.0 = Release|Any CPU
		{A6D22AD7-8B92-40FF-984E-BD812C5818C3}.Release|x86.ActiveCfg = Release|Any CPU
		{A6D22AD7-8B92-40FF-984E-BD812C5818C3}.Release|x86.Build.0 = Release|Any CPU
		{2C771984-DD92-44C9-B015-8A94706C6143}.Debug|Any CPU.ActiveCfg = Debug|Any CPU
		{2C771984-DD92-44C9-B015-8A94706C6143}.Debug|Any CPU.Build.0 = Debug|Any CPU
		{2C771984-DD92-44C9-B015-8A94706C6143}.Debug|x64.ActiveCfg = Debug|Any CPU
		{2C771984-DD92-44C9-B015-8A94706C6143}.Debug|x64.Build.0 = Debug|Any CPU
		{2C771984-DD92-44C9-B015-8A94706C6143}.Debug|x86.ActiveCfg = Debug|Any CPU
		{2C771984-DD92-44C9-B015-8A94706C6143}.Debug|x86.Build.0 = Debug|Any CPU
		{2C771984-DD92-44C9-B015-8A94706C6143}.Release|Any CPU.ActiveCfg = Release|Any CPU
		{2C771984-DD92-44C9-B015-8A94706C6143}.Release|Any CPU.Build.0 = Release|Any CPU
		{2C771984-DD92-44C9-B015-8A94706C6143}.Release|x64.ActiveCfg = Release|Any CPU
		{2C771984-DD92-44C9-B015-8A94706C6143}.Release|x64.Build.0 = Release|Any CPU
		{2C771984-DD92-44C9-B015-8A94706C6143}.Release|x86.ActiveCfg = Release|Any CPU
		{2C771984-DD92-44C9-B015-8A94706C6143}.Release|x86.Build.0 = Release|Any CPU
		{FA2892F3-1A00-4B8E-B7D2-030C326D76FB}.Debug|Any CPU.ActiveCfg = Debug|Any CPU
		{FA2892F3-1A00-4B8E-B7D2-030C326D76FB}.Debug|Any CPU.Build.0 = Debug|Any CPU
		{FA2892F3-1A00-4B8E-B7D2-030C326D76FB}.Debug|x64.ActiveCfg = Debug|Any CPU
		{FA2892F3-1A00-4B8E-B7D2-030C326D76FB}.Debug|x64.Build.0 = Debug|Any CPU
		{FA2892F3-1A00-4B8E-B7D2-030C326D76FB}.Debug|x86.ActiveCfg = Debug|Any CPU
		{FA2892F3-1A00-4B8E-B7D2-030C326D76FB}.Debug|x86.Build.0 = Debug|Any CPU
		{FA2892F3-1A00-4B8E-B7D2-030C326D76FB}.Release|Any CPU.ActiveCfg = Release|Any CPU
		{FA2892F3-1A00-4B8E-B7D2-030C326D76FB}.Release|Any CPU.Build.0 = Release|Any CPU
		{FA2892F3-1A00-4B8E-B7D2-030C326D76FB}.Release|x64.ActiveCfg = Release|Any CPU
		{FA2892F3-1A00-4B8E-B7D2-030C326D76FB}.Release|x64.Build.0 = Release|Any CPU
		{FA2892F3-1A00-4B8E-B7D2-030C326D76FB}.Release|x86.ActiveCfg = Release|Any CPU
		{FA2892F3-1A00-4B8E-B7D2-030C326D76FB}.Release|x86.Build.0 = Release|Any CPU
		{A5B214CA-8031-4FD0-9FF7-476BE43E0916}.Debug|Any CPU.ActiveCfg = Debug|Any CPU
		{A5B214CA-8031-4FD0-9FF7-476BE43E0916}.Debug|Any CPU.Build.0 = Debug|Any CPU
		{A5B214CA-8031-4FD0-9FF7-476BE43E0916}.Debug|x64.ActiveCfg = Debug|Any CPU
		{A5B214CA-8031-4FD0-9FF7-476BE43E0916}.Debug|x64.Build.0 = Debug|Any CPU
		{A5B214CA-8031-4FD0-9FF7-476BE43E0916}.Debug|x86.ActiveCfg = Debug|Any CPU
		{A5B214CA-8031-4FD0-9FF7-476BE43E0916}.Debug|x86.Build.0 = Debug|Any CPU
		{A5B214CA-8031-4FD0-9FF7-476BE43E0916}.Release|Any CPU.ActiveCfg = Release|Any CPU
		{A5B214CA-8031-4FD0-9FF7-476BE43E0916}.Release|Any CPU.Build.0 = Release|Any CPU
		{A5B214CA-8031-4FD0-9FF7-476BE43E0916}.Release|x64.ActiveCfg = Release|Any CPU
		{A5B214CA-8031-4FD0-9FF7-476BE43E0916}.Release|x64.Build.0 = Release|Any CPU
		{A5B214CA-8031-4FD0-9FF7-476BE43E0916}.Release|x86.ActiveCfg = Release|Any CPU
		{A5B214CA-8031-4FD0-9FF7-476BE43E0916}.Release|x86.Build.0 = Release|Any CPU
		{D02C24F1-78A1-4AFC-9003-E2DCF1C8177C}.Debug|Any CPU.ActiveCfg = Debug|Any CPU
		{D02C24F1-78A1-4AFC-9003-E2DCF1C8177C}.Debug|Any CPU.Build.0 = Debug|Any CPU
		{D02C24F1-78A1-4AFC-9003-E2DCF1C8177C}.Debug|x64.ActiveCfg = Debug|Any CPU
		{D02C24F1-78A1-4AFC-9003-E2DCF1C8177C}.Debug|x64.Build.0 = Debug|Any CPU
		{D02C24F1-78A1-4AFC-9003-E2DCF1C8177C}.Debug|x86.ActiveCfg = Debug|Any CPU
		{D02C24F1-78A1-4AFC-9003-E2DCF1C8177C}.Debug|x86.Build.0 = Debug|Any CPU
		{D02C24F1-78A1-4AFC-9003-E2DCF1C8177C}.Release|Any CPU.ActiveCfg = Release|Any CPU
		{D02C24F1-78A1-4AFC-9003-E2DCF1C8177C}.Release|Any CPU.Build.0 = Release|Any CPU
		{D02C24F1-78A1-4AFC-9003-E2DCF1C8177C}.Release|x64.ActiveCfg = Release|Any CPU
		{D02C24F1-78A1-4AFC-9003-E2DCF1C8177C}.Release|x64.Build.0 = Release|Any CPU
		{D02C24F1-78A1-4AFC-9003-E2DCF1C8177C}.Release|x86.ActiveCfg = Release|Any CPU
		{D02C24F1-78A1-4AFC-9003-E2DCF1C8177C}.Release|x86.Build.0 = Release|Any CPU
		{10FA0699-2777-4BF6-9C0D-3F0056AB5B6A}.Debug|Any CPU.ActiveCfg = Debug|Any CPU
		{10FA0699-2777-4BF6-9C0D-3F0056AB5B6A}.Debug|Any CPU.Build.0 = Debug|Any CPU
		{10FA0699-2777-4BF6-9C0D-3F0056AB5B6A}.Debug|x64.ActiveCfg = Debug|Any CPU
		{10FA0699-2777-4BF6-9C0D-3F0056AB5B6A}.Debug|x64.Build.0 = Debug|Any CPU
		{10FA0699-2777-4BF6-9C0D-3F0056AB5B6A}.Debug|x86.ActiveCfg = Debug|Any CPU
		{10FA0699-2777-4BF6-9C0D-3F0056AB5B6A}.Debug|x86.Build.0 = Debug|Any CPU
		{10FA0699-2777-4BF6-9C0D-3F0056AB5B6A}.Release|Any CPU.ActiveCfg = Release|Any CPU
		{10FA0699-2777-4BF6-9C0D-3F0056AB5B6A}.Release|Any CPU.Build.0 = Release|Any CPU
		{10FA0699-2777-4BF6-9C0D-3F0056AB5B6A}.Release|x64.ActiveCfg = Release|Any CPU
		{10FA0699-2777-4BF6-9C0D-3F0056AB5B6A}.Release|x64.Build.0 = Release|Any CPU
		{10FA0699-2777-4BF6-9C0D-3F0056AB5B6A}.Release|x86.ActiveCfg = Release|Any CPU
		{10FA0699-2777-4BF6-9C0D-3F0056AB5B6A}.Release|x86.Build.0 = Release|Any CPU
		{F14C2D59-6514-40D7-B503-82692DD75CC0}.Debug|Any CPU.ActiveCfg = Debug|Any CPU
		{F14C2D59-6514-40D7-B503-82692DD75CC0}.Debug|Any CPU.Build.0 = Debug|Any CPU
		{F14C2D59-6514-40D7-B503-82692DD75CC0}.Debug|x64.ActiveCfg = Debug|Any CPU
		{F14C2D59-6514-40D7-B503-82692DD75CC0}.Debug|x64.Build.0 = Debug|Any CPU
		{F14C2D59-6514-40D7-B503-82692DD75CC0}.Debug|x86.ActiveCfg = Debug|Any CPU
		{F14C2D59-6514-40D7-B503-82692DD75CC0}.Debug|x86.Build.0 = Debug|Any CPU
		{F14C2D59-6514-40D7-B503-82692DD75CC0}.Release|Any CPU.ActiveCfg = Release|Any CPU
		{F14C2D59-6514-40D7-B503-82692DD75CC0}.Release|Any CPU.Build.0 = Release|Any CPU
		{F14C2D59-6514-40D7-B503-82692DD75CC0}.Release|x64.ActiveCfg = Release|Any CPU
		{F14C2D59-6514-40D7-B503-82692DD75CC0}.Release|x64.Build.0 = Release|Any CPU
		{F14C2D59-6514-40D7-B503-82692DD75CC0}.Release|x86.ActiveCfg = Release|Any CPU
		{F14C2D59-6514-40D7-B503-82692DD75CC0}.Release|x86.Build.0 = Release|Any CPU
		{BD4EBDFA-FAEE-4EF8-ABF7-FFFC93895FB9}.Debug|Any CPU.ActiveCfg = Debug|Any CPU
		{BD4EBDFA-FAEE-4EF8-ABF7-FFFC93895FB9}.Debug|Any CPU.Build.0 = Debug|Any CPU
		{BD4EBDFA-FAEE-4EF8-ABF7-FFFC93895FB9}.Debug|x64.ActiveCfg = Debug|Any CPU
		{BD4EBDFA-FAEE-4EF8-ABF7-FFFC93895FB9}.Debug|x64.Build.0 = Debug|Any CPU
		{BD4EBDFA-FAEE-4EF8-ABF7-FFFC93895FB9}.Debug|x86.ActiveCfg = Debug|Any CPU
		{BD4EBDFA-FAEE-4EF8-ABF7-FFFC93895FB9}.Debug|x86.Build.0 = Debug|Any CPU
		{BD4EBDFA-FAEE-4EF8-ABF7-FFFC93895FB9}.Release|Any CPU.ActiveCfg = Release|Any CPU
		{BD4EBDFA-FAEE-4EF8-ABF7-FFFC93895FB9}.Release|Any CPU.Build.0 = Release|Any CPU
		{BD4EBDFA-FAEE-4EF8-ABF7-FFFC93895FB9}.Release|x64.ActiveCfg = Release|Any CPU
		{BD4EBDFA-FAEE-4EF8-ABF7-FFFC93895FB9}.Release|x64.Build.0 = Release|Any CPU
		{BD4EBDFA-FAEE-4EF8-ABF7-FFFC93895FB9}.Release|x86.ActiveCfg = Release|Any CPU
		{BD4EBDFA-FAEE-4EF8-ABF7-FFFC93895FB9}.Release|x86.Build.0 = Release|Any CPU
		{C34952E9-ACAE-4213-8F6A-48B5D6FA80BC}.Debug|Any CPU.ActiveCfg = Debug|Any CPU
		{C34952E9-ACAE-4213-8F6A-48B5D6FA80BC}.Debug|Any CPU.Build.0 = Debug|Any CPU
		{C34952E9-ACAE-4213-8F6A-48B5D6FA80BC}.Debug|x64.ActiveCfg = Debug|Any CPU
		{C34952E9-ACAE-4213-8F6A-48B5D6FA80BC}.Debug|x64.Build.0 = Debug|Any CPU
		{C34952E9-ACAE-4213-8F6A-48B5D6FA80BC}.Debug|x86.ActiveCfg = Debug|Any CPU
		{C34952E9-ACAE-4213-8F6A-48B5D6FA80BC}.Debug|x86.Build.0 = Debug|Any CPU
		{C34952E9-ACAE-4213-8F6A-48B5D6FA80BC}.Release|Any CPU.ActiveCfg = Release|Any CPU
		{C34952E9-ACAE-4213-8F6A-48B5D6FA80BC}.Release|Any CPU.Build.0 = Release|Any CPU
		{C34952E9-ACAE-4213-8F6A-48B5D6FA80BC}.Release|x64.ActiveCfg = Release|Any CPU
		{C34952E9-ACAE-4213-8F6A-48B5D6FA80BC}.Release|x64.Build.0 = Release|Any CPU
		{C34952E9-ACAE-4213-8F6A-48B5D6FA80BC}.Release|x86.ActiveCfg = Release|Any CPU
		{C34952E9-ACAE-4213-8F6A-48B5D6FA80BC}.Release|x86.Build.0 = Release|Any CPU
	EndGlobalSection
	GlobalSection(SolutionProperties) = preSolution
		HideSolutionNode = FALSE
	EndGlobalSection
	GlobalSection(NestedProjects) = preSolution
		{A5B214CA-8031-4FD0-9FF7-476BE43E0916} = {D02A3E45-C1E9-4237-A04C-AA4C07C2AF55}
		{D02C24F1-78A1-4AFC-9003-E2DCF1C8177C} = {D02A3E45-C1E9-4237-A04C-AA4C07C2AF55}
		{10FA0699-2777-4BF6-9C0D-3F0056AB5B6A} = {D02A3E45-C1E9-4237-A04C-AA4C07C2AF55}
		{F14C2D59-6514-40D7-B503-82692DD75CC0} = {D02A3E45-C1E9-4237-A04C-AA4C07C2AF55}
		{BD4EBDFA-FAEE-4EF8-ABF7-FFFC93895FB9} = {D02A3E45-C1E9-4237-A04C-AA4C07C2AF55}
		{C34952E9-ACAE-4213-8F6A-48B5D6FA80BC} = {D02A3E45-C1E9-4237-A04C-AA4C07C2AF55}
	EndGlobalSection
	GlobalSection(ExtensibilityGlobals) = postSolution
		SolutionGuid = {3589CF13-996F-4BC0-B7F5-B42368AF305A}
	EndGlobalSection
EndGlobal
