
Microsoft Visual Studio Solution File, Format Version 12.00
# Visual Studio 15
VisualStudioVersion = 15.0.26124.0
MinimumVisualStudioVersion = 15.0.26124.0
Project("{FAE04EC0-301F-11D3-BF4B-00C04F79EFBC}") = "R5T.Exeter.Construction", "R5T.Exeter.Construction\R5T.Exeter.Construction.csproj", "{A6D22AD7-8B92-40FF-984E-BD812C5818C3}"
EndProject
Project("{FAE04EC0-301F-11D3-BF4B-00C04F79EFBC}") = "R5T.Exeter", "R5T.Exeter\R5T.Exeter.csproj", "{2C771984-DD92-44C9-B015-8A94706C6143}"
EndProject
Project("{FAE04EC0-301F-11D3-BF4B-00C04F79EFBC}") = "R5T.Exeter.Testing", "R5T.Exeter.Testing\R5T.Exeter.Testing.csproj", "{FA2892F3-1A00-4B8E-B7D2-030C326D76FB}"
EndProject
Global
	GlobalSection(SolutionConfigurationPlatforms) = preSolution
		Debug|Any CPU = Debug|Any CPU
		Debug|x64 = Debug|x64
		Debug|x86 = Debug|x86
		Release|Any CPU = Release|Any CPU
		Release|x64 = Release|x64
		Release|x86 = Release|x86
	EndGlobalSection
	GlobalSection(SolutionProperties) = preSolution
		HideSolutionNode = FALSE
	EndGlobalSection
	GlobalSection(ProjectConfigurationPlatforms) = postSolution
		{A6D22AD7-8B92-40FF-984E-BD812C5818C3}.Debug|Any CPU.ActiveCfg = Debug|Any CPU
		{A6D22AD7-8B92-40FF-984E-BD812C5818C3}.Debug|Any CPU.Build.0 = Debug|Any CPU
		{A6D22AD7-8B92-40FF-984E-BD812C5818C3}.Debug|x64.ActiveCfg = Debug|Any CPU
		{A6D22AD7-8B92-40FF-984E-BD812C5818C3}.Debug|x64.Build.0 = Debug|Any CPU
		{A6D22AD7-8B92-40FF-984E-BD812C5818C3}.Debug|x86.ActiveCfg = Debug|Any CPU
		{A6D22AD7-8B92-40FF-984E-BD812C5818C3}.Debug|x86.Build.0 = Debug|Any CPU
		{A6D22AD7-8B92-40FF-984E-BD812C5818C3}.Release|Any CPU.ActiveCfg = Release|Any CPU
		{A6D22AD7-8B92-40FF-984E-BD812C5818C3}.Release|Any CPU.Build.0 = Release|Any CPU
		{A6D22AD7-8B92-40FF-984E-BD812C5818C3}.Release|x64.ActiveCfg = Release|Any CPU
		{A6D22AD7-8B92-40FF-984E-BD812C5818C3}.Release|x64.Build.0 = Release|Any CPU
		{A6D22AD7-8B92-40FF-984E-BD812C5818C3}.Release|x86.ActiveCfg = Release|Any CPU
		{A6D22AD7-8B92-40FF-984E-BD812C5818C3}.Release|x86.Build.0 = Release|Any CPU
		{2C771984-DD92-44C9-B015-8A94706C6143}.Debug|Any CPU.ActiveCfg = Debug|Any CPU
		{2C771984-DD92-44C9-B015-8A94706C6143}.Debug|Any CPU.Build.0 = Debug|Any CPU
		{2C771984-DD92-44C9-B015-8A94706C6143}.Debug|x64.ActiveCfg = Debug|Any CPU
		{2C771984-DD92-44C9-B015-8A94706C6143}.Debug|x64.Build.0 = Debug|Any CPU
		{2C771984-DD92-44C9-B015-8A94706C6143}.Debug|x86.ActiveCfg = Debug|Any CPU
		{2C771984-DD92-44C9-B015-8A94706C6143}.Debug|x86.Build.0 = Debug|Any CPU
		{2C771984-DD92-44C9-B015-8A94706C6143}.Release|Any CPU.ActiveCfg = Release|Any CPU
		{2C771984-DD92-44C9-B015-8A94706C6143}.Release|Any CPU.Build.0 = Release|Any CPU
		{2C771984-DD92-44C9-B015-8A94706C6143}.Release|x64.ActiveCfg = Release|Any CPU
		{2C771984-DD92-44C9-B015-8A94706C6143}.Release|x64.Build.0 = Release|Any CPU
		{2C771984-DD92-44C9-B015-8A94706C6143}.Release|x86.ActiveCfg = Release|Any CPU
		{2C771984-DD92-44C9-B015-8A94706C6143}.Release|x86.Build.0 = Release|Any CPU
		{FA2892F3-1A00-4B8E-B7D2-030C326D76FB}.Debug|Any CPU.ActiveCfg = Debug|Any CPU
		{FA2892F3-1A00-4B8E-B7D2-030C326D76FB}.Debug|Any CPU.Build.0 = Debug|Any CPU
		{FA2892F3-1A00-4B8E-B7D2-030C326D76FB}.Debug|x64.ActiveCfg = Debug|Any CPU
		{FA2892F3-1A00-4B8E-B7D2-030C326D76FB}.Debug|x64.Build.0 = Debug|Any CPU
		{FA2892F3-1A00-4B8E-B7D2-030C326D76FB}.Debug|x86.ActiveCfg = Debug|Any CPU
		{FA2892F3-1A00-4B8E-B7D2-030C326D76FB}.Debug|x86.Build.0 = Debug|Any CPU
		{FA2892F3-1A00-4B8E-B7D2-030C326D76FB}.Release|Any CPU.ActiveCfg = Release|Any CPU
		{FA2892F3-1A00-4B8E-B7D2-030C326D76FB}.Release|Any CPU.Build.0 = Release|Any CPU
		{FA2892F3-1A00-4B8E-B7D2-030C326D76FB}.Release|x64.ActiveCfg = Release|Any CPU
		{FA2892F3-1A00-4B8E-B7D2-030C326D76FB}.Release|x64.Build.0 = Release|Any CPU
		{FA2892F3-1A00-4B8E-B7D2-030C326D76FB}.Release|x86.ActiveCfg = Release|Any CPU
		{FA2892F3-1A00-4B8E-B7D2-030C326D76FB}.Release|x86.Build.0 = Release|Any CPU
	EndGlobalSection
EndGlobal
